
Microsoft Visual Studio Solution File, Format Version 12.00
# Visual Studio 15
Project("{FAE04EC0-301F-11D3-BF4B-00C04F79EFBC}") = "Assembly-CSharp", "Assembly-CSharp.csproj", "{27BFE1B2-5503-6711-D268-1150E1A6ADB0}"
EndProject
Project("{FAE04EC0-301F-11D3-BF4B-00C04F79EFBC}") = "Unity.TextMeshPro", "Unity.TextMeshPro.csproj", "{554F2389-6814-5B46-A940-8432B2938EDF}"
EndProject
Project("{FAE04EC0-301F-11D3-BF4B-00C04F79EFBC}") = "Unity.TextMeshPro.Tests", "Unity.TextMeshPro.Tests.csproj", "{6C013E0C-7372-C7B0-823F-28B0DF81F751}"
EndProject
Project("{FAE04EC0-301F-11D3-BF4B-00C04F79EFBC}") = "Assembly-CSharp-Editor", "Assembly-CSharp-Editor.csproj", "{0BD4FD15-5C52-A3A3-B12E-91CFFC63A57A}"
EndProject
Project("{FAE04EC0-301F-11D3-BF4B-00C04F79EFBC}") = "Unity.PackageManagerUI.EditorTests", "Unity.PackageManagerUI.EditorTests.csproj", "{2A74BFFC-6AC6-D0E8-9705-0B215657614A}"
EndProject
Project("{FAE04EC0-301F-11D3-BF4B-00C04F79EFBC}") = "Unity.PackageManagerUI.Editor", "Unity.PackageManagerUI.Editor.csproj", "{B456F9B7-8CBC-DE52-3BED-4C24E23AE7B0}"
EndProject
Project("{FAE04EC0-301F-11D3-BF4B-00C04F79EFBC}") = "Unity.TextMeshPro.Editor", "Unity.TextMeshPro.Editor.csproj", "{045ABE37-E7CE-A4BA-69AE-942DF2886623}"
EndProject
Project("{FAE04EC0-301F-11D3-BF4B-00C04F79EFBC}") = "UnityEditor.StandardEvents", "UnityEditor.StandardEvents.csproj", "{36125513-51C9-C1A5-0CC2-612845F7D478}"
EndProject
Project("{FAE04EC0-301F-11D3-BF4B-00C04F79EFBC}") = "Unity.TextMeshPro.Editor.Tests", "Unity.TextMeshPro.Editor.Tests.csproj", "{08E4EC81-082F-2FEE-E34C-8AC36A3CEFDF}"
EndProject
Global
	GlobalSection(SolutionConfigurationPlatforms) = preSolution
		Debug|Any CPU = Debug|Any CPU
		Release|Any CPU = Release|Any CPU
	EndGlobalSection
	GlobalSection(ProjectConfigurationPlatforms) = postSolution
		{27BFE1B2-5503-6711-D268-1150E1A6ADB0}.Debug|Any CPU.ActiveCfg = Debug|Any CPU
		{27BFE1B2-5503-6711-D268-1150E1A6ADB0}.Debug|Any CPU.Build.0 = Debug|Any CPU
		{27BFE1B2-5503-6711-D268-1150E1A6ADB0}.Release|Any CPU.ActiveCfg = Release|Any CPU
		{27BFE1B2-5503-6711-D268-1150E1A6ADB0}.Release|Any CPU.Build.0 = Release|Any CPU
		{554F2389-6814-5B46-A940-8432B2938EDF}.Debug|Any CPU.ActiveCfg = Debug|Any CPU
		{554F2389-6814-5B46-A940-8432B2938EDF}.Debug|Any CPU.Build.0 = Debug|Any CPU
		{554F2389-6814-5B46-A940-8432B2938EDF}.Release|Any CPU.ActiveCfg = Release|Any CPU
		{554F2389-6814-5B46-A940-8432B2938EDF}.Release|Any CPU.Build.0 = Release|Any CPU
		{6C013E0C-7372-C7B0-823F-28B0DF81F751}.Debug|Any CPU.ActiveCfg = Debug|Any CPU
		{6C013E0C-7372-C7B0-823F-28B0DF81F751}.Debug|Any CPU.Build.0 = Debug|Any CPU
		{6C013E0C-7372-C7B0-823F-28B0DF81F751}.Release|Any CPU.ActiveCfg = Release|Any CPU
		{6C013E0C-7372-C7B0-823F-28B0DF81F751}.Release|Any CPU.Build.0 = Release|Any CPU
		{0BD4FD15-5C52-A3A3-B12E-91CFFC63A57A}.Debug|Any CPU.ActiveCfg = Debug|Any CPU
		{0BD4FD15-5C52-A3A3-B12E-91CFFC63A57A}.Debug|Any CPU.Build.0 = Debug|Any CPU
		{0BD4FD15-5C52-A3A3-B12E-91CFFC63A57A}.Release|Any CPU.ActiveCfg = Release|Any CPU
		{0BD4FD15-5C52-A3A3-B12E-91CFFC63A57A}.Release|Any CPU.Build.0 = Release|Any CPU
		{2A74BFFC-6AC6-D0E8-9705-0B215657614A}.Debug|Any CPU.ActiveCfg = Debug|Any CPU
		{2A74BFFC-6AC6-D0E8-9705-0B215657614A}.Debug|Any CPU.Build.0 = Debug|Any CPU
		{2A74BFFC-6AC6-D0E8-9705-0B215657614A}.Release|Any CPU.ActiveCfg = Release|Any CPU
		{2A74BFFC-6AC6-D0E8-9705-0B215657614A}.Release|Any CPU.Build.0 = Release|Any CPU
		{B456F9B7-8CBC-DE52-3BED-4C24E23AE7B0}.Debug|Any CPU.ActiveCfg = Debug|Any CPU
		{B456F9B7-8CBC-DE52-3BED-4C24E23AE7B0}.Debug|Any CPU.Build.0 = Debug|Any CPU
		{B456F9B7-8CBC-DE52-3BED-4C24E23AE7B0}.Release|Any CPU.ActiveCfg = Release|Any CPU
		{B456F9B7-8CBC-DE52-3BED-4C24E23AE7B0}.Release|Any CPU.Build.0 = Release|Any CPU
		{045ABE37-E7CE-A4BA-69AE-942DF2886623}.Debug|Any CPU.ActiveCfg = Debug|Any CPU
		{045ABE37-E7CE-A4BA-69AE-942DF2886623}.Debug|Any CPU.Build.0 = Debug|Any CPU
		{045ABE37-E7CE-A4BA-69AE-942DF2886623}.Release|Any CPU.ActiveCfg = Release|Any CPU
		{045ABE37-E7CE-A4BA-69AE-942DF2886623}.Release|Any CPU.Build.0 = Release|Any CPU
		{36125513-51C9-C1A5-0CC2-612845F7D478}.Debug|Any CPU.ActiveCfg = Debug|Any CPU
		{36125513-51C9-C1A5-0CC2-612845F7D478}.Debug|Any CPU.Build.0 = Debug|Any CPU
		{36125513-51C9-C1A5-0CC2-612845F7D478}.Release|Any CPU.ActiveCfg = Release|Any CPU
		{36125513-51C9-C1A5-0CC2-612845F7D478}.Release|Any CPU.Build.0 = Release|Any CPU
		{08E4EC81-082F-2FEE-E34C-8AC36A3CEFDF}.Debug|Any CPU.ActiveCfg = Debug|Any CPU
		{08E4EC81-082F-2FEE-E34C-8AC36A3CEFDF}.Debug|Any CPU.Build.0 = Debug|Any CPU
		{08E4EC81-082F-2FEE-E34C-8AC36A3CEFDF}.Release|Any CPU.ActiveCfg = Release|Any CPU
		{08E4EC81-082F-2FEE-E34C-8AC36A3CEFDF}.Release|Any CPU.Build.0 = Release|Any CPU
	EndGlobalSection
	GlobalSection(SolutionProperties) = preSolution
		HideSolutionNode = FALSE
	EndGlobalSection
EndGlobal
